# THIS IS AN AUTOGENERATED FILE. DO NOT EDIT THIS FILE DIRECTLY.
# yarn lockfile v1


async-limiter@~1.0.0:
  version "1.0.0"
  resolved "https://registry.yarnpkg.com/async-limiter/-/async-limiter-1.0.0.tgz#78faed8c3d074ab81f22b4e985d79e8738f720f8"

bimap@^0.0.15:
  version "0.0.15"
  resolved "https://registry.yarnpkg.com/bimap/-/bimap-0.0.15.tgz#57ab71ac9e86955cb0a0eb406ee5bb27332d7879"

eris@^0.8.1:
  version "0.8.1"
  resolved "https://registry.yarnpkg.com/eris/-/eris-0.8.1.tgz#49e01d0d8c8a28e9c073f645b35282e27a1cdf92"
  dependencies:
    ws "^3.2.0"
  optionalDependencies:
    opusscript "^0.0.4"
    tweetnacl "^1.0.0"

eventemitter3@^2.0.2:
  version "2.0.3"
  resolved "https://registry.yarnpkg.com/eventemitter3/-/eventemitter3-2.0.3.tgz#b5e1079b59fb5e1ba2771c0a993be060a58c99ba"

iconv-lite@^0.4.11:
  version "0.4.19"
  resolved "https://registry.yarnpkg.com/iconv-lite/-/iconv-lite-0.4.19.tgz#f7468f60135f5e5dad3399c0a81be9a1603a082b"

ipaddr.js@0.1.3:
  version "0.1.3"
  resolved "https://registry.yarnpkg.com/ipaddr.js/-/ipaddr.js-0.1.3.tgz#27a9ca37f148d2102b0ef191ccbf2c51a8f025c6"

irc-colors@^1.4.1:
  version "1.4.1"
  resolved "https://registry.yarnpkg.com/irc-colors/-/irc-colors-1.4.1.tgz#ac8a3c8970f9be686fc6d678fd392af3d415fec0"

irc-framework@^2.9.1:
  version "2.9.1"
  resolved "https://registry.yarnpkg.com/irc-framework/-/irc-framework-2.9.1.tgz#38f22b33e892528b385f2f787e7f3b2e0537e768"
  dependencies:
    eventemitter3 "^2.0.2"
    iconv-lite "^0.4.11"
    lodash "^3.10.1"
    middleware-handler "^0.2.0"
    socksjs "^0.5.0"

lodash@^3.10.1:
  version "3.10.1"
  resolved "https://registry.yarnpkg.com/lodash/-/lodash-3.10.1.tgz#5bf45e8e49ba4189e17d482789dfd15bd140b7b6"

middleware-handler@^0.2.0:
  version "0.2.0"
  resolved "https://registry.yarnpkg.com/middleware-handler/-/middleware-handler-0.2.0.tgz#bf02af7e6b577c0230609b2ae58df0e446f3fd02"

moment@^2.19.2:
  version "2.19.2"
  resolved "https://registry.yarnpkg.com/moment/-/moment-2.19.2.tgz#8a7f774c95a64550b4c7ebd496683908f9419dbe"

opusscript@^0.0.4:
  version "0.0.4"
  resolved "https://registry.yarnpkg.com/opusscript/-/opusscript-0.0.4.tgz#c718edcfdcd2a1f55fadb266dd07268d4a46afde"

safe-buffer@~5.1.0:
  version "5.1.1"
  resolved "https://registry.yarnpkg.com/safe-buffer/-/safe-buffer-5.1.1.tgz#893312af69b2123def71f57889001671eeb2c853"

socksjs@^0.5.0:
  version "0.5.0"
  resolved "https://registry.yarnpkg.com/socksjs/-/socksjs-0.5.0.tgz#77b005e32d1bfc96e560fedd5d7eedcf120f87e3"
  dependencies:
    ipaddr.js "0.1.3"

tweetnacl@^1.0.0:
  version "1.0.0"
  resolved "https://registry.yarnpkg.com/tweetnacl/-/tweetnacl-1.0.0.tgz#713d8b818da42068740bf68386d0479e66fc8a7b"

ultron@~1.1.0:
  version "1.1.1"
  resolved "https://registry.yarnpkg.com/ultron/-/ultron-1.1.1.tgz#9fe1536a10a664a65266a1e3ccf85fd36302bc9c"

ws@^3.2.0:
  version "3.3.2"
  resolved "https://registry.yarnpkg.com/ws/-/ws-3.3.2.tgz#96c1d08b3fefda1d5c1e33700d3bfaa9be2d5608"
  dependencies:
    async-limiter "~1.0.0"
    safe-buffer "~5.1.0"
    ultron "~1.1.0"
